
Microsoft Visual Studio Solution File, Format Version 12.00
# Visual Studio Version 17
VisualStudioVersion = 17.8.34322.80
MinimumVisualStudioVersion = 10.0.40219.1
Project("{FAE04EC0-301F-11D3-BF4B-00C04F79EFBC}") = "Client", "Client\Client.csproj", "{2C082CB2-E2C7-4E7E-931C-F5A62DAFA601}"
EndProject
Project("{FAE04EC0-301F-11D3-BF4B-00C04F79EFBC}") = "Api", "Api\Api.csproj", "{558D8752-C480-4A55-966A-BF9949069CA5}"
EndProject
Global
	GlobalSection(SolutionConfigurationPlatforms) = preSolution
		Debug|Any CPU = Debug|Any CPU
		Release|Any CPU = Release|Any CPU
	EndGlobalSection
	GlobalSection(ProjectConfigurationPlatforms) = postSolution
		{2C082CB2-E2C7-4E7E-931C-F5A62DAFA601}.Debug|Any CPU.ActiveCfg = Debug|Any CPU
		{2C082CB2-E2C7-4E7E-931C-F5A62DAFA601}.Debug|Any CPU.Build.0 = Debug|Any CPU
		{2C082CB2-E2C7-4E7E-931C-F5A62DAFA601}.Release|Any CPU.ActiveCfg = Release|Any CPU
		{2C082CB2-E2C7-4E7E-931C-F5A62DAFA601}.Release|Any CPU.Build.0 = Release|Any CPU
		{558D8752-C480-4A55-966A-BF9949069CA5}.Debug|Any CPU.ActiveCfg = Debug|Any CPU
		{558D8752-C480-4A55-966A-BF9949069CA5}.Debug|Any CPU.Build.0 = Debug|Any CPU
		{558D8752-C480-4A55-966A-BF9949069CA5}.Release|Any CPU.ActiveCfg = Release|Any CPU
		{558D8752-C480-4A55-966A-BF9949069CA5}.Release|Any CPU.Build.0 = Release|Any CPU
	EndGlobalSection
	GlobalSection(SolutionProperties) = preSolution
		HideSolutionNode = FALSE
	EndGlobalSection
	GlobalSection(ExtensibilityGlobals) = postSolution
		SolutionGuid = {21065317-89F2-4B32-995B-87B3D0626358}
	EndGlobalSection
EndGlobal
