
Microsoft Visual Studio Solution File, Format Version 12.00
# Visual Studio Version 17
VisualStudioVersion = 17.8.34322.80
MinimumVisualStudioVersion = 10.0.40219.1
Project("{9A19103F-16F7-4668-BE54-9A1E7A4F7556}") = "Client", "Client\Client.csproj", "{2C082CB2-E2C7-4E7E-931C-F5A62DAFA601}"
EndProject
Project("{FAE04EC0-301F-11D3-BF4B-00C04F79EFBC}") = "Api", "FunctionApp1\Api.csproj", "{59BFEC76-AEB4-4909-B45A-E41EFC8AA063}"
EndProject
Global
	GlobalSection(SolutionConfigurationPlatforms) = preSolution
		Debug|Any CPU = Debug|Any CPU
		Release|Any CPU = Release|Any CPU
	EndGlobalSection
	GlobalSection(ProjectConfigurationPlatforms) = postSolution
		{2C082CB2-E2C7-4E7E-931C-F5A62DAFA601}.Debug|Any CPU.ActiveCfg = Debug|Any CPU
		{2C082CB2-E2C7-4E7E-931C-F5A62DAFA601}.Debug|Any CPU.Build.0 = Debug|Any CPU
		{2C082CB2-E2C7-4E7E-931C-F5A62DAFA601}.Release|Any CPU.ActiveCfg = Release|Any CPU
		{2C082CB2-E2C7-4E7E-931C-F5A62DAFA601}.Release|Any CPU.Build.0 = Release|Any CPU
		{59BFEC76-AEB4-4909-B45A-E41EFC8AA063}.Debug|Any CPU.ActiveCfg = Debug|Any CPU
		{59BFEC76-AEB4-4909-B45A-E41EFC8AA063}.Debug|Any CPU.Build.0 = Debug|Any CPU
		{59BFEC76-AEB4-4909-B45A-E41EFC8AA063}.Release|Any CPU.ActiveCfg = Release|Any CPU
		{59BFEC76-AEB4-4909-B45A-E41EFC8AA063}.Release|Any CPU.Build.0 = Release|Any CPU
	EndGlobalSection
	GlobalSection(SolutionProperties) = preSolution
		HideSolutionNode = FALSE
	EndGlobalSection
	GlobalSection(ExtensibilityGlobals) = postSolution
		SolutionGuid = {21065317-89F2-4B32-995B-87B3D0626358}
	EndGlobalSection
EndGlobal
